
Microsoft Visual Studio Solution File, Format Version 12.00
# Visual Studio Version 16
VisualStudioVersion = 16.0.31112.23
MinimumVisualStudioVersion = 10.0.40219.1
Project("{FAE04EC0-301F-11D3-BF4B-00C04F79EFBC}") = "AppPokemon", "AppPokemon\AppPokemon.csproj", "{1C3E95E5-CC78-489A-940F-2B31F3A9434E}"
EndProject
Global
	GlobalSection(SolutionConfigurationPlatforms) = preSolution
		Debug|Any CPU = Debug|Any CPU
		Release|Any CPU = Release|Any CPU
	EndGlobalSection
	GlobalSection(ProjectConfigurationPlatforms) = postSolution
		{1C3E95E5-CC78-489A-940F-2B31F3A9434E}.Debug|Any CPU.ActiveCfg = Debug|Any CPU
		{1C3E95E5-CC78-489A-940F-2B31F3A9434E}.Debug|Any CPU.Build.0 = Debug|Any CPU
		{1C3E95E5-CC78-489A-940F-2B31F3A9434E}.Release|Any CPU.ActiveCfg = Release|Any CPU
		{1C3E95E5-CC78-489A-940F-2B31F3A9434E}.Release|Any CPU.Build.0 = Release|Any CPU
	EndGlobalSection
	GlobalSection(SolutionProperties) = preSolution
		HideSolutionNode = FALSE
	EndGlobalSection
	GlobalSection(ExtensibilityGlobals) = postSolution
		SolutionGuid = {C2F7ABF9-7CD4-496E-A85F-741DE9E593C2}
	EndGlobalSection
EndGlobal
